{
  "pins" : [
    {
      "identity" : "cellsreloadable",
      "kind" : "remoteSourceControl",
      "location" : "https://github.com/dankinsoid/CellsReloadable.git",
      "state" : {
        "revision" : "5dc2e66d1edf97b50112088e069c012652155861",
        "version" : "1.1.1"
      }
    },
    {
      "identity" : "compositionallayoutdsl",
      "kind" : "remoteSourceControl",
      "location" : "https://github.com/faberNovel/CompositionalLayoutDSL.git",
      "state" : {
        "revision" : "3b1c5adad64f031e28417ee9460dd58556cb6e33",
        "version" : "0.2.0"
      }
    }
  ],
  "version" : 2
}
